
Microsoft Visual Studio Solution File, Format Version 12.00
# Visual Studio Version 16
VisualStudioVersion = 16.0.30204.135
MinimumVisualStudioVersion = 10.0.40219.1
Project("{FAE04EC0-301F-11D3-BF4B-00C04F79EFBC}") = "GitExample", "GitExample\GitExample.csproj", "{43D6AD3A-8D31-4380-8781-E70C001B5A34}"
EndProject
Global
	GlobalSection(SolutionConfigurationPlatforms) = preSolution
		Debug|Any CPU = Debug|Any CPU
		Release|Any CPU = Release|Any CPU
	EndGlobalSection
	GlobalSection(ProjectConfigurationPlatforms) = postSolution
		{43D6AD3A-8D31-4380-8781-E70C001B5A34}.Debug|Any CPU.ActiveCfg = Debug|Any CPU
		{43D6AD3A-8D31-4380-8781-E70C001B5A34}.Debug|Any CPU.Build.0 = Debug|Any CPU
		{43D6AD3A-8D31-4380-8781-E70C001B5A34}.Release|Any CPU.ActiveCfg = Release|Any CPU
		{43D6AD3A-8D31-4380-8781-E70C001B5A34}.Release|Any CPU.Build.0 = Release|Any CPU
	EndGlobalSection
	GlobalSection(SolutionProperties) = preSolution
		HideSolutionNode = FALSE
	EndGlobalSection
	GlobalSection(ExtensibilityGlobals) = postSolution
		SolutionGuid = {ED579306-9FD4-4F59-963E-07451C53FA81}
	EndGlobalSection
EndGlobal
